// !$*UTF8*$!
{
	archiveVersion = 1;
	classes = {
	};
	objectVersion = 46;
	objects = {

/* Begin PBXBuildFile section */
		94406E9A149B43E400AC5227 /* libsqlite3.dylib in Frameworks */ = {isa = PBXBuildFile; fileRef = 94406E99149B43E400AC5227 /* libsqlite3.dylib */; };
		9460656C149B128D005C176B /* Foundation.framework in Frameworks */ = {isa = PBXBuildFile; fileRef = 9460656B149B128D005C176B /* Foundation.framework */; };
		9460656F149B128D005C176B /* main.m in Sources */ = {isa = PBXBuildFile; fileRef = 9460656E149B128D005C176B /* main.m */; };
		94606573149B128D005C176B /* CocoaSQLMapper.1 in CopyFiles */ = {isa = PBXBuildFile; fileRef = 94606572149B128D005C176B /* CocoaSQLMapper.1 */; };
		94D335B7149B16F200941770 /* Person.m in Sources */ = {isa = PBXBuildFile; fileRef = 94D335B0149B16F200941770 /* Person.m */; };
		94D335BA149B16F200941770 /* SMDatabase.m in Sources */ = {isa = PBXBuildFile; fileRef = 94D335B6149B16F200941770 /* SMDatabase.m */; };
/* End PBXBuildFile section */

/* Begin PBXCopyFilesBuildPhase section */
		94606565149B128D005C176B /* CopyFiles */ = {
			isa = PBXCopyFilesBuildPhase;
			buildActionMask = 2147483647;
			dstPath = /usr/share/man/man1/;
			dstSubfolderSpec = 0;
			files = (
				94606573149B128D005C176B /* CocoaSQLMapper.1 in CopyFiles */,
			);
			runOnlyForDeploymentPostprocessing = 1;
		};
/* End PBXCopyFilesBuildPhase section */

/* Begin PBXFileReference section */
		94406E99149B43E400AC5227 /* libsqlite3.dylib */ = {isa = PBXFileReference; lastKnownFileType = "compiled.mach-o.dylib"; name = libsqlite3.dylib; path = usr/lib/libsqlite3.dylib; sourceTree = SDKROOT; };
		94606567149B128D005C176B /* CocoaSQLMapper */ = {isa = PBXFileReference; explicitFileType = "compiled.mach-o.executable"; includeInIndex = 0; path = CocoaSQLMapper; sourceTree = BUILT_PRODUCTS_DIR; };
		9460656B149B128D005C176B /* Foundation.framework */ = {isa = PBXFileReference; lastKnownFileType = wrapper.framework; name = Foundation.framework; path = System/Library/Frameworks/Foundation.framework; sourceTree = SDKROOT; };
		9460656E149B128D005C176B /* main.m */ = {isa = PBXFileReference; lastKnownFileType = sourcecode.c.objc; path = main.m; sourceTree = "<group>"; };
		94606571149B128D005C176B /* CocoaSQLMapper-Prefix.pch */ = {isa = PBXFileReference; lastKnownFileType = sourcecode.c.h; path = "CocoaSQLMapper-Prefix.pch"; sourceTree = "<group>"; };
		94606572149B128D005C176B /* CocoaSQLMapper.1 */ = {isa = PBXFileReference; lastKnownFileType = text.man; path = CocoaSQLMapper.1; sourceTree = "<group>"; };
		94D335AF149B16F200941770 /* Person.h */ = {isa = PBXFileReference; fileEncoding = 4; lastKnownFileType = sourcecode.c.h; path = Person.h; sourceTree = "<group>"; };
		94D335B0149B16F200941770 /* Person.m */ = {isa = PBXFileReference; fileEncoding = 4; lastKnownFileType = sourcecode.c.objc; path = Person.m; sourceTree = "<group>"; };
		94D335B5149B16F200941770 /* SMDatabase.h */ = {isa = PBXFileReference; fileEncoding = 4; lastKnownFileType = sourcecode.c.h; path = SMDatabase.h; sourceTree = "<group>"; };
		94D335B6149B16F200941770 /* SMDatabase.m */ = {isa = PBXFileReference; fileEncoding = 4; lastKnownFileType = sourcecode.c.objc; path = SMDatabase.m; sourceTree = "<group>"; };
/* End PBXFileReference section */

/* Begin PBXFrameworksBuildPhase section */
		94606564149B128D005C176B /* Frameworks */ = {
			isa = PBXFrameworksBuildPhase;
			buildActionMask = 2147483647;
			files = (
				94406E9A149B43E400AC5227 /* libsqlite3.dylib in Frameworks */,
				9460656C149B128D005C176B /* Foundation.framework in Frameworks */,
			);
			runOnlyForDeploymentPostprocessing = 0;
		};
/* End PBXFrameworksBuildPhase section */

/* Begin PBXGroup section */
		9460655C149B128D005C176B = {
			isa = PBXGroup;
			children = (
				9460656D149B128D005C176B /* CocoaSQLMapper */,
				9460656A149B128D005C176B /* Frameworks */,
				94606568149B128D005C176B /* Products */,
			);
			sourceTree = "<group>";
		};
		94606568149B128D005C176B /* Products */ = {
			isa = PBXGroup;
			children = (
				94606567149B128D005C176B /* CocoaSQLMapper */,
			);
			name = Products;
			sourceTree = "<group>";
		};
		9460656A149B128D005C176B /* Frameworks */ = {
			isa = PBXGroup;
			children = (
				9460656B149B128D005C176B /* Foundation.framework */,
				94406E99149B43E400AC5227 /* libsqlite3.dylib */,
			);
			name = Frameworks;
			sourceTree = "<group>";
		};
		9460656D149B128D005C176B /* CocoaSQLMapper */ = {
			isa = PBXGroup;
			children = (
				94D335AF149B16F200941770 /* Person.h */,
				94D335B0149B16F200941770 /* Person.m */,
				94D335B5149B16F200941770 /* SMDatabase.h */,
				94D335B6149B16F200941770 /* SMDatabase.m */,
				9460656E149B128D005C176B /* main.m */,
				94606572149B128D005C176B /* CocoaSQLMapper.1 */,
				94606570149B128D005C176B /* Supporting Files */,
			);
			path = CocoaSQLMapper;
			sourceTree = "<group>";
		};
		94606570149B128D005C176B /* Supporting Files */ = {
			isa = PBXGroup;
			children = (
				94606571149B128D005C176B /* CocoaSQLMapper-Prefix.pch */,
			);
			name = "Supporting Files";
			sourceTree = "<group>";
		};
/* End PBXGroup section */

/* Begin PBXNativeTarget section */
		94606566149B128D005C176B /* CocoaSQLMapper */ = {
			isa = PBXNativeTarget;
			buildConfigurationList = 94606576149B128D005C176B /* Build configuration list for PBXNativeTarget "CocoaSQLMapper" */;
			buildPhases = (
				94606563149B128D005C176B /* Sources */,
				94606564149B128D005C176B /* Frameworks */,
				94606565149B128D005C176B /* CopyFiles */,
			);
			buildRules = (
			);
			dependencies = (
			);
			name = CocoaSQLMapper;
			productName = CocoaSQLMapper;
			productReference = 94606567149B128D005C176B /* CocoaSQLMapper */;
			productType = "com.apple.product-type.tool";
		};
/* End PBXNativeTarget section */

/* Begin PBXProject section */
		9460655E149B128D005C176B /* Project object */ = {
			isa = PBXProject;
			attributes = {
				LastUpgradeCheck = 0420;
				ORGANIZATIONNAME = "株式会社インサイト・プラス";
			};
			buildConfigurationList = 94606561149B128D005C176B /* Build configuration list for PBXProject "CocoaSQLMapper" */;
			compatibilityVersion = "Xcode 3.2";
			developmentRegion = English;
			hasScannedForEncodings = 0;
			knownRegions = (
				en,
			);
			mainGroup = 9460655C149B128D005C176B;
			productRefGroup = 94606568149B128D005C176B /* Products */;
			projectDirPath = "";
			projectRoot = "";
			targets = (
				94606566149B128D005C176B /* CocoaSQLMapper */,
			);
		};
/* End PBXProject section */

/* Begin PBXSourcesBuildPhase section */
		94606563149B128D005C176B /* Sources */ = {
			isa = PBXSourcesBuildPhase;
			buildActionMask = 2147483647;
			files = (
				9460656F149B128D005C176B /* main.m in Sources */,
				94D335B7149B16F200941770 /* Person.m in Sources */,
				94D335BA149B16F200941770 /* SMDatabase.m in Sources */,
			);
			runOnlyForDeploymentPostprocessing = 0;
		};
/* End PBXSourcesBuildPhase section */

/* Begin XCBuildConfiguration section */
		94606574149B128D005C176B /* Debug */ = {
			isa = XCBuildConfiguration;
			buildSettings = {
				ALWAYS_SEARCH_USER_PATHS = NO;
				ARCHS = "$(ARCHS_STANDARD_64_BIT)";
				CLANG_ENABLE_OBJC_ARC = YES;
				COPY_PHASE_STRIP = NO;
				GCC_C_LANGUAGE_STANDARD = gnu99;
				GCC_DYNAMIC_NO_PIC = NO;
				GCC_ENABLE_OBJC_EXCEPTIONS = YES;
				GCC_OPTIMIZATION_LEVEL = 0;
				GCC_PREPROCESSOR_DEFINITIONS = (
					"DEBUG=1",
					"$(inherited)",
				);
				GCC_SYMBOLS_PRIVATE_EXTERN = NO;
				GCC_VERSION = com.apple.compilers.llvm.clang.1_0;
				GCC_WARN_64_TO_32_BIT_CONVERSION = YES;
				GCC_WARN_ABOUT_MISSING_PROTOTYPES = YES;
				GCC_WARN_ABOUT_RETURN_TYPE = YES;
				GCC_WARN_UNUSED_VARIABLE = YES;
				MACOSX_DEPLOYMENT_TARGET = 10.7;
				ONLY_ACTIVE_ARCH = YES;
				SDKROOT = macosx;
			};
			name = Debug;
		};
		94606575149B128D005C176B /* Release */ = {
			isa = XCBuildConfiguration;
			buildSettings = {
				ALWAYS_SEARCH_USER_PATHS = NO;
				ARCHS = "$(ARCHS_STANDARD_64_BIT)";
				CLANG_ENABLE_OBJC_ARC = YES;
				COPY_PHASE_STRIP = YES;
				DEBUG_INFORMATION_FORMAT = "dwarf-with-dsym";
				GCC_C_LANGUAGE_STANDARD = gnu99;
				GCC_ENABLE_OBJC_EXCEPTIONS = YES;
				GCC_VERSION = com.apple.compilers.llvm.clang.1_0;
				GCC_WARN_64_TO_32_BIT_CONVERSION = YES;
				GCC_WARN_ABOUT_MISSING_PROTOTYPES = YES;
				GCC_WARN_ABOUT_RETURN_TYPE = YES;
				GCC_WARN_UNUSED_VARIABLE = YES;
				MACOSX_DEPLOYMENT_TARGET = 10.7;
				SDKROOT = macosx;
			};
			name = Release;
		};
		94606577149B128D005C176B /* Debug */ = {
			isa = XCBuildConfiguration;
			buildSettings = {
				GCC_PRECOMPILE_PREFIX_HEADER = YES;
				GCC_PREFIX_HEADER = "CocoaSQLMapper/CocoaSQLMapper-Prefix.pch";
				PRODUCT_NAME = "$(TARGET_NAME)";
			};
			name = Debug;
		};
		94606578149B128D005C176B /* Release */ = {
			isa = XCBuildConfiguration;
			buildSettings = {
				GCC_PRECOMPILE_PREFIX_HEADER = YES;
				GCC_PREFIX_HEADER = "CocoaSQLMapper/CocoaSQLMapper-Prefix.pch";
				PRODUCT_NAME = "$(TARGET_NAME)";
			};
			name = Release;
		};
/* End XCBuildConfiguration section */

/* Begin XCConfigurationList section */
		94606561149B128D005C176B /* Build configuration list for PBXProject "CocoaSQLMapper" */ = {
			isa = XCConfigurationList;
			buildConfigurations = (
				94606574149B128D005C176B /* Debug */,
				94606575149B128D005C176B /* Release */,
			);
			defaultConfigurationIsVisible = 0;
			defaultConfigurationName = Release;
		};
		94606576149B128D005C176B /* Build configuration list for PBXNativeTarget "CocoaSQLMapper" */ = {
			isa = XCConfigurationList;
			buildConfigurations = (
				94606577149B128D005C176B /* Debug */,
				94606578149B128D005C176B /* Release */,
			);
			defaultConfigurationIsVisible = 0;
			defaultConfigurationName = Release;
		};
/* End XCConfigurationList section */
	};
	rootObject = 9460655E149B128D005C176B /* Project object */;
}
